
Microsoft Visual Studio Solution File, Format Version 12.00
# Visual Studio 15
VisualStudioVersion = 15.0.26228.9
MinimumVisualStudioVersion = 10.0.40219.1
Project("{2150E333-8FDC-42A3-9474-1A3956D46DE8}") = "src", "src", "{3181AEED-76C3-4705-8540-F4989807207F}"
EndProject
Project("{2150E333-8FDC-42A3-9474-1A3956D46DE8}") = "Solution Items", "Solution Items", "{403671C9-C012-4BE1-8CB2-2F539F48254A}"
EndProject
Project("{8BB2217D-0F2D-49D1-97BC-3654ED321F3B}") = "GitDB", "src\GitDB\GitDB.xproj", "{61A30C77-D01C-4029-B5BB-7629E186D898}"
EndProject
Project("{FAE04EC0-301F-11D3-BF4B-00C04F79EFBC}") = "BAL", "src\BAL\BAL.csproj", "{5CB3FB36-76B9-41F8-85B7-C97856D66306}"
EndProject
Project("{FAE04EC0-301F-11D3-BF4B-00C04F79EFBC}") = "BusinessObject", "src\BusinessObject\BusinessObject.csproj", "{6A2163F6-5DF5-484C-85CB-3953F02DF749}"
EndProject
Project("{FAE04EC0-301F-11D3-BF4B-00C04F79EFBC}") = "DAL", "src\DAL\DAL.csproj", "{1C6A12AF-A6A5-473B-9B70-9A069003E69A}"
EndProject
Project("{FAE04EC0-301F-11D3-BF4B-00C04F79EFBC}") = "Model", "src\Model\Model.csproj", "{1BFFBD82-10A9-497F-89B7-AE78FF35D4AE}"
EndProject
Project("{FAE04EC0-301F-11D3-BF4B-00C04F79EFBC}") = "UnitTest", "src\UnitTest\UnitTest.csproj", "{50FE0869-6305-4970-BD25-E08D6F306A73}"
EndProject
Project("{FAE04EC0-301F-11D3-BF4B-00C04F79EFBC}") = "WebService", "WebService\WebService.csproj", "{9DB4DC7F-2656-467D-AC02-6543BF0CCBAF}"
EndProject
Project("{FAE04EC0-301F-11D3-BF4B-00C04F79EFBC}") = "WebService.Tests", "WebService.Tests\WebService.Tests.csproj", "{1C532ACF-19C3-4E05-9436-C6AEC97B38A6}"
EndProject
Global
	GlobalSection(SolutionConfigurationPlatforms) = preSolution
		Debug|Any CPU = Debug|Any CPU
		Release|Any CPU = Release|Any CPU
	EndGlobalSection
	GlobalSection(ProjectConfigurationPlatforms) = postSolution
		{61A30C77-D01C-4029-B5BB-7629E186D898}.Debug|Any CPU.ActiveCfg = Debug|Any CPU
		{61A30C77-D01C-4029-B5BB-7629E186D898}.Debug|Any CPU.Build.0 = Debug|Any CPU
		{61A30C77-D01C-4029-B5BB-7629E186D898}.Release|Any CPU.ActiveCfg = Release|Any CPU
		{61A30C77-D01C-4029-B5BB-7629E186D898}.Release|Any CPU.Build.0 = Release|Any CPU
		{5CB3FB36-76B9-41F8-85B7-C97856D66306}.Debug|Any CPU.ActiveCfg = Debug|Any CPU
		{5CB3FB36-76B9-41F8-85B7-C97856D66306}.Debug|Any CPU.Build.0 = Debug|Any CPU
		{5CB3FB36-76B9-41F8-85B7-C97856D66306}.Release|Any CPU.ActiveCfg = Release|Any CPU
		{5CB3FB36-76B9-41F8-85B7-C97856D66306}.Release|Any CPU.Build.0 = Release|Any CPU
		{6A2163F6-5DF5-484C-85CB-3953F02DF749}.Debug|Any CPU.ActiveCfg = Debug|Any CPU
		{6A2163F6-5DF5-484C-85CB-3953F02DF749}.Debug|Any CPU.Build.0 = Debug|Any CPU
		{6A2163F6-5DF5-484C-85CB-3953F02DF749}.Release|Any CPU.ActiveCfg = Release|Any CPU
		{6A2163F6-5DF5-484C-85CB-3953F02DF749}.Release|Any CPU.Build.0 = Release|Any CPU
		{1C6A12AF-A6A5-473B-9B70-9A069003E69A}.Debug|Any CPU.ActiveCfg = Debug|Any CPU
		{1C6A12AF-A6A5-473B-9B70-9A069003E69A}.Debug|Any CPU.Build.0 = Debug|Any CPU
		{1C6A12AF-A6A5-473B-9B70-9A069003E69A}.Release|Any CPU.ActiveCfg = Release|Any CPU
		{1C6A12AF-A6A5-473B-9B70-9A069003E69A}.Release|Any CPU.Build.0 = Release|Any CPU
		{1BFFBD82-10A9-497F-89B7-AE78FF35D4AE}.Debug|Any CPU.ActiveCfg = Debug|Any CPU
		{1BFFBD82-10A9-497F-89B7-AE78FF35D4AE}.Debug|Any CPU.Build.0 = Debug|Any CPU
		{1BFFBD82-10A9-497F-89B7-AE78FF35D4AE}.Release|Any CPU.ActiveCfg = Release|Any CPU
		{1BFFBD82-10A9-497F-89B7-AE78FF35D4AE}.Release|Any CPU.Build.0 = Release|Any CPU
		{50FE0869-6305-4970-BD25-E08D6F306A73}.Debug|Any CPU.ActiveCfg = Debug|Any CPU
		{50FE0869-6305-4970-BD25-E08D6F306A73}.Debug|Any CPU.Build.0 = Debug|Any CPU
		{50FE0869-6305-4970-BD25-E08D6F306A73}.Release|Any CPU.ActiveCfg = Release|Any CPU
		{50FE0869-6305-4970-BD25-E08D6F306A73}.Release|Any CPU.Build.0 = Release|Any CPU
		{9DB4DC7F-2656-467D-AC02-6543BF0CCBAF}.Debug|Any CPU.ActiveCfg = Debug|Any CPU
		{9DB4DC7F-2656-467D-AC02-6543BF0CCBAF}.Debug|Any CPU.Build.0 = Debug|Any CPU
		{9DB4DC7F-2656-467D-AC02-6543BF0CCBAF}.Release|Any CPU.ActiveCfg = Release|Any CPU
		{9DB4DC7F-2656-467D-AC02-6543BF0CCBAF}.Release|Any CPU.Build.0 = Release|Any CPU
		{1C532ACF-19C3-4E05-9436-C6AEC97B38A6}.Debug|Any CPU.ActiveCfg = Debug|Any CPU
		{1C532ACF-19C3-4E05-9436-C6AEC97B38A6}.Debug|Any CPU.Build.0 = Debug|Any CPU
		{1C532ACF-19C3-4E05-9436-C6AEC97B38A6}.Release|Any CPU.ActiveCfg = Release|Any CPU
		{1C532ACF-19C3-4E05-9436-C6AEC97B38A6}.Release|Any CPU.Build.0 = Release|Any CPU
	EndGlobalSection
	GlobalSection(SolutionProperties) = preSolution
		HideSolutionNode = FALSE
	EndGlobalSection
	GlobalSection(NestedProjects) = preSolution
		{61A30C77-D01C-4029-B5BB-7629E186D898} = {3181AEED-76C3-4705-8540-F4989807207F}
		{5CB3FB36-76B9-41F8-85B7-C97856D66306} = {3181AEED-76C3-4705-8540-F4989807207F}
		{6A2163F6-5DF5-484C-85CB-3953F02DF749} = {3181AEED-76C3-4705-8540-F4989807207F}
		{1C6A12AF-A6A5-473B-9B70-9A069003E69A} = {3181AEED-76C3-4705-8540-F4989807207F}
		{1BFFBD82-10A9-497F-89B7-AE78FF35D4AE} = {3181AEED-76C3-4705-8540-F4989807207F}
		{50FE0869-6305-4970-BD25-E08D6F306A73} = {3181AEED-76C3-4705-8540-F4989807207F}
		{9DB4DC7F-2656-467D-AC02-6543BF0CCBAF} = {3181AEED-76C3-4705-8540-F4989807207F}
		{1C532ACF-19C3-4E05-9436-C6AEC97B38A6} = {3181AEED-76C3-4705-8540-F4989807207F}
	EndGlobalSection
EndGlobal
